// !$*UTF8*$!
{
	archiveVersion = 1;
	classes = {
	};
	objectVersion = 50;
	objects = {

/* Begin PBXBuildFile section */
		18F6107825FB61EC00A94949 /* ArchiVMLMApp.swift in Sources */ = {isa = PBXBuildFile; fileRef = 18F6107725FB61EC00A94949 /* ArchiVMLMApp.swift */; };
		18F6107C25FB61EF00A94949 /* Assets.xcassets in Resources */ = {isa = PBXBuildFile; fileRef = 18F6107B25FB61EF00A94949 /* Assets.xcassets */; };
		18F6107F25FB61EF00A94949 /* Preview Assets.xcassets in Resources */ = {isa = PBXBuildFile; fileRef = 18F6107E25FB61EF00A94949 /* Preview Assets.xcassets */; };
		18F6108825FB620600A94949 /* Post.swift in Sources */ = {isa = PBXBuildFile; fileRef = 18F6108725FB620600A94949 /* Post.swift */; };
		18F6108B25FB622100A94949 /* PostView.swift in Sources */ = {isa = PBXBuildFile; fileRef = 18F6108A25FB622100A94949 /* PostView.swift */; };
		18F6108E25FB628400A94949 /* PostManager.swift in Sources */ = {isa = PBXBuildFile; fileRef = 18F6108D25FB628400A94949 /* PostManager.swift */; };
		18F6109125FB62B200A94949 /* PostList.swift in Sources */ = {isa = PBXBuildFile; fileRef = 18F6109025FB62B200A94949 /* PostList.swift */; };
		18F6109425FB641F00A94949 /* NewPostView.swift in Sources */ = {isa = PBXBuildFile; fileRef = 18F6109325FB641F00A94949 /* NewPostView.swift */; };
		18F6109725FB64D900A94949 /* NewPostView+Logic.swift in Sources */ = {isa = PBXBuildFile; fileRef = 18F6109625FB64D900A94949 /* NewPostView+Logic.swift */; };
		18F6109B25FB7EDC00A94949 /* Post+Identifiable.swift in Sources */ = {isa = PBXBuildFile; fileRef = 18F6109A25FB7EDC00A94949 /* Post+Identifiable.swift */; };
/* End PBXBuildFile section */

/* Begin PBXFileReference section */
		18F6107425FB61EC00A94949 /* ArchiVMLM.app */ = {isa = PBXFileReference; explicitFileType = wrapper.application; includeInIndex = 0; path = ArchiVMLM.app; sourceTree = BUILT_PRODUCTS_DIR; };
		18F6107725FB61EC00A94949 /* ArchiVMLMApp.swift */ = {isa = PBXFileReference; lastKnownFileType = sourcecode.swift; path = ArchiVMLMApp.swift; sourceTree = "<group>"; };
		18F6107B25FB61EF00A94949 /* Assets.xcassets */ = {isa = PBXFileReference; lastKnownFileType = folder.assetcatalog; path = Assets.xcassets; sourceTree = "<group>"; };
		18F6107E25FB61EF00A94949 /* Preview Assets.xcassets */ = {isa = PBXFileReference; lastKnownFileType = folder.assetcatalog; path = "Preview Assets.xcassets"; sourceTree = "<group>"; };
		18F6108025FB61EF00A94949 /* Info.plist */ = {isa = PBXFileReference; lastKnownFileType = text.plist.xml; path = Info.plist; sourceTree = "<group>"; };
		18F6108725FB620600A94949 /* Post.swift */ = {isa = PBXFileReference; lastKnownFileType = sourcecode.swift; path = Post.swift; sourceTree = "<group>"; };
		18F6108A25FB622100A94949 /* PostView.swift */ = {isa = PBXFileReference; lastKnownFileType = sourcecode.swift; path = PostView.swift; sourceTree = "<group>"; };
		18F6108D25FB628400A94949 /* PostManager.swift */ = {isa = PBXFileReference; lastKnownFileType = sourcecode.swift; path = PostManager.swift; sourceTree = "<group>"; };
		18F6109025FB62B200A94949 /* PostList.swift */ = {isa = PBXFileReference; lastKnownFileType = sourcecode.swift; path = PostList.swift; sourceTree = "<group>"; };
		18F6109325FB641F00A94949 /* NewPostView.swift */ = {isa = PBXFileReference; lastKnownFileType = sourcecode.swift; path = NewPostView.swift; sourceTree = "<group>"; };
		18F6109625FB64D900A94949 /* NewPostView+Logic.swift */ = {isa = PBXFileReference; lastKnownFileType = sourcecode.swift; path = "NewPostView+Logic.swift"; sourceTree = "<group>"; };
		18F6109A25FB7EDC00A94949 /* Post+Identifiable.swift */ = {isa = PBXFileReference; lastKnownFileType = sourcecode.swift; path = "Post+Identifiable.swift"; sourceTree = "<group>"; };
/* End PBXFileReference section */

/* Begin PBXFrameworksBuildPhase section */
		18F6107125FB61EC00A94949 /* Frameworks */ = {
			isa = PBXFrameworksBuildPhase;
			buildActionMask = 2147483647;
			files = (
			);
			runOnlyForDeploymentPostprocessing = 0;
		};
/* End PBXFrameworksBuildPhase section */

/* Begin PBXGroup section */
		18F6106B25FB61EC00A94949 = {
			isa = PBXGroup;
			children = (
				18F6107625FB61EC00A94949 /* ArchiVMLM */,
				18F6107525FB61EC00A94949 /* Products */,
			);
			sourceTree = "<group>";
		};
		18F6107525FB61EC00A94949 /* Products */ = {
			isa = PBXGroup;
			children = (
				18F6107425FB61EC00A94949 /* ArchiVMLM.app */,
			);
			name = Products;
			sourceTree = "<group>";
		};
		18F6107625FB61EC00A94949 /* ArchiVMLM */ = {
			isa = PBXGroup;
			children = (
				18F6107725FB61EC00A94949 /* ArchiVMLMApp.swift */,
				18F6108725FB620600A94949 /* Post.swift */,
				18F6109A25FB7EDC00A94949 /* Post+Identifiable.swift */,
				18F6108A25FB622100A94949 /* PostView.swift */,
				18F6109025FB62B200A94949 /* PostList.swift */,
				18F6109325FB641F00A94949 /* NewPostView.swift */,
				18F6109625FB64D900A94949 /* NewPostView+Logic.swift */,
				18F6108D25FB628400A94949 /* PostManager.swift */,
				18F6107B25FB61EF00A94949 /* Assets.xcassets */,
				18F6108025FB61EF00A94949 /* Info.plist */,
				18F6107D25FB61EF00A94949 /* Preview Content */,
			);
			path = ArchiVMLM;
			sourceTree = "<group>";
		};
		18F6107D25FB61EF00A94949 /* Preview Content */ = {
			isa = PBXGroup;
			children = (
				18F6107E25FB61EF00A94949 /* Preview Assets.xcassets */,
			);
			path = "Preview Content";
			sourceTree = "<group>";
		};
/* End PBXGroup section */

/* Begin PBXNativeTarget section */
		18F6107325FB61EC00A94949 /* ArchiVMLM */ = {
			isa = PBXNativeTarget;
			buildConfigurationList = 18F6108325FB61EF00A94949 /* Build configuration list for PBXNativeTarget "ArchiVMLM" */;
			buildPhases = (
				18F6107025FB61EC00A94949 /* Sources */,
				18F6107125FB61EC00A94949 /* Frameworks */,
				18F6107225FB61EC00A94949 /* Resources */,
			);
			buildRules = (
			);
			dependencies = (
			);
			name = ArchiVMLM;
			productName = ArchiVMLM;
			productReference = 18F6107425FB61EC00A94949 /* ArchiVMLM.app */;
			productType = "com.apple.product-type.application";
		};
/* End PBXNativeTarget section */

/* Begin PBXProject section */
		18F6106C25FB61EC00A94949 /* Project object */ = {
			isa = PBXProject;
			attributes = {
				LastSwiftUpdateCheck = 1240;
				LastUpgradeCheck = 1240;
				TargetAttributes = {
					18F6107325FB61EC00A94949 = {
						CreatedOnToolsVersion = 12.4;
					};
				};
			};
			buildConfigurationList = 18F6106F25FB61EC00A94949 /* Build configuration list for PBXProject "ArchiVMLM" */;
			compatibilityVersion = "Xcode 9.3";
			developmentRegion = en;
			hasScannedForEncodings = 0;
			knownRegions = (
				en,
				Base,
			);
			mainGroup = 18F6106B25FB61EC00A94949;
			productRefGroup = 18F6107525FB61EC00A94949 /* Products */;
			projectDirPath = "";
			projectRoot = "";
			targets = (
				18F6107325FB61EC00A94949 /* ArchiVMLM */,
			);
		};
/* End PBXProject section */

/* Begin PBXResourcesBuildPhase section */
		18F6107225FB61EC00A94949 /* Resources */ = {
			isa = PBXResourcesBuildPhase;
			buildActionMask = 2147483647;
			files = (
				18F6107F25FB61EF00A94949 /* Preview Assets.xcassets in Resources */,
				18F6107C25FB61EF00A94949 /* Assets.xcassets in Resources */,
			);
			runOnlyForDeploymentPostprocessing = 0;
		};
/* End PBXResourcesBuildPhase section */

/* Begin PBXSourcesBuildPhase section */
		18F6107025FB61EC00A94949 /* Sources */ = {
			isa = PBXSourcesBuildPhase;
			buildActionMask = 2147483647;
			files = (
				18F6108825FB620600A94949 /* Post.swift in Sources */,
				18F6109B25FB7EDC00A94949 /* Post+Identifiable.swift in Sources */,
				18F6109125FB62B200A94949 /* PostList.swift in Sources */,
				18F6109425FB641F00A94949 /* NewPostView.swift in Sources */,
				18F6108E25FB628400A94949 /* PostManager.swift in Sources */,
				18F6108B25FB622100A94949 /* PostView.swift in Sources */,
				18F6109725FB64D900A94949 /* NewPostView+Logic.swift in Sources */,
				18F6107825FB61EC00A94949 /* ArchiVMLMApp.swift in Sources */,
			);
			runOnlyForDeploymentPostprocessing = 0;
		};
/* End PBXSourcesBuildPhase section */

/* Begin XCBuildConfiguration section */
		18F6108125FB61EF00A94949 /* Debug */ = {
			isa = XCBuildConfiguration;
			buildSettings = {
				ALWAYS_SEARCH_USER_PATHS = NO;
				CLANG_ANALYZER_NONNULL = YES;
				CLANG_ANALYZER_NUMBER_OBJECT_CONVERSION = YES_AGGRESSIVE;
				CLANG_CXX_LANGUAGE_STANDARD = "gnu++14";
				CLANG_CXX_LIBRARY = "libc++";
				CLANG_ENABLE_MODULES = YES;
				CLANG_ENABLE_OBJC_ARC = YES;
				CLANG_ENABLE_OBJC_WEAK = YES;
				CLANG_WARN_BLOCK_CAPTURE_AUTORELEASING = YES;
				CLANG_WARN_BOOL_CONVERSION = YES;
				CLANG_WARN_COMMA = YES;
				CLANG_WARN_CONSTANT_CONVERSION = YES;
				CLANG_WARN_DEPRECATED_OBJC_IMPLEMENTATIONS = YES;
				CLANG_WARN_DIRECT_OBJC_ISA_USAGE = YES_ERROR;
				CLANG_WARN_DOCUMENTATION_COMMENTS = YES;
				CLANG_WARN_EMPTY_BODY = YES;
				CLANG_WARN_ENUM_CONVERSION = YES;
				CLANG_WARN_INFINITE_RECURSION = YES;
				CLANG_WARN_INT_CONVERSION = YES;
				CLANG_WARN_NON_LITERAL_NULL_CONVERSION = YES;
				CLANG_WARN_OBJC_IMPLICIT_RETAIN_SELF = YES;
				CLANG_WARN_OBJC_LITERAL_CONVERSION = YES;
				CLANG_WARN_OBJC_ROOT_CLASS = YES_ERROR;
				CLANG_WARN_QUOTED_INCLUDE_IN_FRAMEWORK_HEADER = YES;
				CLANG_WARN_RANGE_LOOP_ANALYSIS = YES;
				CLANG_WARN_STRICT_PROTOTYPES = YES;
				CLANG_WARN_SUSPICIOUS_MOVE = YES;
				CLANG_WARN_UNGUARDED_AVAILABILITY = YES_AGGRESSIVE;
				CLANG_WARN_UNREACHABLE_CODE = YES;
				CLANG_WARN__DUPLICATE_METHOD_MATCH = YES;
				COPY_PHASE_STRIP = NO;
				DEBUG_INFORMATION_FORMAT = dwarf;
				ENABLE_STRICT_OBJC_MSGSEND = YES;
				ENABLE_TESTABILITY = YES;
				GCC_C_LANGUAGE_STANDARD = gnu11;
				GCC_DYNAMIC_NO_PIC = NO;
				GCC_NO_COMMON_BLOCKS = YES;
				GCC_OPTIMIZATION_LEVEL = 0;
				GCC_PREPROCESSOR_DEFINITIONS = (
					"DEBUG=1",
					"$(inherited)",
				);
				GCC_WARN_64_TO_32_BIT_CONVERSION = YES;
				GCC_WARN_ABOUT_RETURN_TYPE = YES_ERROR;
				GCC_WARN_UNDECLARED_SELECTOR = YES;
				GCC_WARN_UNINITIALIZED_AUTOS = YES_AGGRESSIVE;
				GCC_WARN_UNUSED_FUNCTION = YES;
				GCC_WARN_UNUSED_VARIABLE = YES;
				IPHONEOS_DEPLOYMENT_TARGET = 14.4;
				MTL_ENABLE_DEBUG_INFO = INCLUDE_SOURCE;
				MTL_FAST_MATH = YES;
				ONLY_ACTIVE_ARCH = YES;
				SDKROOT = iphoneos;
				SWIFT_ACTIVE_COMPILATION_CONDITIONS = DEBUG;
				SWIFT_OPTIMIZATION_LEVEL = "-Onone";
			};
			name = Debug;
		};
		18F6108225FB61EF00A94949 /* Release */ = {
			isa = XCBuildConfiguration;
			buildSettings = {
				ALWAYS_SEARCH_USER_PATHS = NO;
				CLANG_ANALYZER_NONNULL = YES;
				CLANG_ANALYZER_NUMBER_OBJECT_CONVERSION = YES_AGGRESSIVE;
				CLANG_CXX_LANGUAGE_STANDARD = "gnu++14";
				CLANG_CXX_LIBRARY = "libc++";
				CLANG_ENABLE_MODULES = YES;
				CLANG_ENABLE_OBJC_ARC = YES;
				CLANG_ENABLE_OBJC_WEAK = YES;
				CLANG_WARN_BLOCK_CAPTURE_AUTORELEASING = YES;
				CLANG_WARN_BOOL_CONVERSION = YES;
				CLANG_WARN_COMMA = YES;
				CLANG_WARN_CONSTANT_CONVERSION = YES;
				CLANG_WARN_DEPRECATED_OBJC_IMPLEMENTATIONS = YES;
				CLANG_WARN_DIRECT_OBJC_ISA_USAGE = YES_ERROR;
				CLANG_WARN_DOCUMENTATION_COMMENTS = YES;
				CLANG_WARN_EMPTY_BODY = YES;
				CLANG_WARN_ENUM_CONVERSION = YES;
				CLANG_WARN_INFINITE_RECURSION = YES;
				CLANG_WARN_INT_CONVERSION = YES;
				CLANG_WARN_NON_LITERAL_NULL_CONVERSION = YES;
				CLANG_WARN_OBJC_IMPLICIT_RETAIN_SELF = YES;
				CLANG_WARN_OBJC_LITERAL_CONVERSION = YES;
				CLANG_WARN_OBJC_ROOT_CLASS = YES_ERROR;
				CLANG_WARN_QUOTED_INCLUDE_IN_FRAMEWORK_HEADER = YES;
				CLANG_WARN_RANGE_LOOP_ANALYSIS = YES;
				CLANG_WARN_STRICT_PROTOTYPES = YES;
				CLANG_WARN_SUSPICIOUS_MOVE = YES;
				CLANG_WARN_UNGUARDED_AVAILABILITY = YES_AGGRESSIVE;
				CLANG_WARN_UNREACHABLE_CODE = YES;
				CLANG_WARN__DUPLICATE_METHOD_MATCH = YES;
				COPY_PHASE_STRIP = NO;
				DEBUG_INFORMATION_FORMAT = "dwarf-with-dsym";
				ENABLE_NS_ASSERTIONS = NO;
				ENABLE_STRICT_OBJC_MSGSEND = YES;
				GCC_C_LANGUAGE_STANDARD = gnu11;
				GCC_NO_COMMON_BLOCKS = YES;
				GCC_WARN_64_TO_32_BIT_CONVERSION = YES;
				GCC_WARN_ABOUT_RETURN_TYPE = YES_ERROR;
				GCC_WARN_UNDECLARED_SELECTOR = YES;
				GCC_WARN_UNINITIALIZED_AUTOS = YES_AGGRESSIVE;
				GCC_WARN_UNUSED_FUNCTION = YES;
				GCC_WARN_UNUSED_VARIABLE = YES;
				IPHONEOS_DEPLOYMENT_TARGET = 14.4;
				MTL_ENABLE_DEBUG_INFO = NO;
				MTL_FAST_MATH = YES;
				SDKROOT = iphoneos;
				SWIFT_COMPILATION_MODE = wholemodule;
				SWIFT_OPTIMIZATION_LEVEL = "-O";
				VALIDATE_PRODUCT = YES;
			};
			name = Release;
		};
		18F6108425FB61EF00A94949 /* Debug */ = {
			isa = XCBuildConfiguration;
			buildSettings = {
				ASSETCATALOG_COMPILER_APPICON_NAME = AppIcon;
				ASSETCATALOG_COMPILER_GLOBAL_ACCENT_COLOR_NAME = AccentColor;
				CODE_SIGN_STYLE = Automatic;
				DEVELOPMENT_ASSET_PATHS = "\"ArchiVMLM/Preview Content\"";
				ENABLE_PREVIEWS = YES;
				INFOPLIST_FILE = ArchiVMLM/Info.plist;
				IPHONEOS_DEPLOYMENT_TARGET = 14.0;
				LD_RUNPATH_SEARCH_PATHS = (
					"$(inherited)",
					"@executable_path/Frameworks",
				);
				PRODUCT_BUNDLE_IDENTIFIER = "com.nonn.cle-ment.ArchiVMLM";
				PRODUCT_NAME = "$(TARGET_NAME)";
				SWIFT_VERSION = 5.0;
				TARGETED_DEVICE_FAMILY = "1,2";
			};
			name = Debug;
		};
		18F6108525FB61EF00A94949 /* Release */ = {
			isa = XCBuildConfiguration;
			buildSettings = {
				ASSETCATALOG_COMPILER_APPICON_NAME = AppIcon;
				ASSETCATALOG_COMPILER_GLOBAL_ACCENT_COLOR_NAME = AccentColor;
				CODE_SIGN_STYLE = Automatic;
				DEVELOPMENT_ASSET_PATHS = "\"ArchiVMLM/Preview Content\"";
				ENABLE_PREVIEWS = YES;
				INFOPLIST_FILE = ArchiVMLM/Info.plist;
				IPHONEOS_DEPLOYMENT_TARGET = 14.0;
				LD_RUNPATH_SEARCH_PATHS = (
					"$(inherited)",
					"@executable_path/Frameworks",
				);
				PRODUCT_BUNDLE_IDENTIFIER = "com.nonn.cle-ment.ArchiVMLM";
				PRODUCT_NAME = "$(TARGET_NAME)";
				SWIFT_VERSION = 5.0;
				TARGETED_DEVICE_FAMILY = "1,2";
			};
			name = Release;
		};
/* End XCBuildConfiguration section */

/* Begin XCConfigurationList section */
		18F6106F25FB61EC00A94949 /* Build configuration list for PBXProject "ArchiVMLM" */ = {
			isa = XCConfigurationList;
			buildConfigurations = (
				18F6108125FB61EF00A94949 /* Debug */,
				18F6108225FB61EF00A94949 /* Release */,
			);
			defaultConfigurationIsVisible = 0;
			defaultConfigurationName = Release;
		};
		18F6108325FB61EF00A94949 /* Build configuration list for PBXNativeTarget "ArchiVMLM" */ = {
			isa = XCConfigurationList;
			buildConfigurations = (
				18F6108425FB61EF00A94949 /* Debug */,
				18F6108525FB61EF00A94949 /* Release */,
			);
			defaultConfigurationIsVisible = 0;
			defaultConfigurationName = Release;
		};
/* End XCConfigurationList section */
	};
	rootObject = 18F6106C25FB61EC00A94949 /* Project object */;
}
